
Microsoft Visual Studio Solution File, Format Version 12.00
# Visual Studio Version 17
VisualStudioVersion = 17.6.33513.286
MinimumVisualStudioVersion = 10.0.40219.1
Project("{FAE04EC0-301F-11D3-BF4B-00C04F79EFBC}") = "Mod4", "Mod4\Mod4.csproj", "{550BCF42-6E83-4535-92AE-959D4B7E586F}"
EndProject
Global
	GlobalSection(SolutionConfigurationPlatforms) = preSolution
		Debug|Any CPU = Debug|Any CPU
		Release|Any CPU = Release|Any CPU
	EndGlobalSection
	GlobalSection(ProjectConfigurationPlatforms) = postSolution
		{550BCF42-6E83-4535-92AE-959D4B7E586F}.Debug|Any CPU.ActiveCfg = Debug|Any CPU
		{550BCF42-6E83-4535-92AE-959D4B7E586F}.Debug|Any CPU.Build.0 = Debug|Any CPU
		{550BCF42-6E83-4535-92AE-959D4B7E586F}.Release|Any CPU.ActiveCfg = Release|Any CPU
		{550BCF42-6E83-4535-92AE-959D4B7E586F}.Release|Any CPU.Build.0 = Release|Any CPU
	EndGlobalSection
	GlobalSection(SolutionProperties) = preSolution
		HideSolutionNode = FALSE
	EndGlobalSection
	GlobalSection(ExtensibilityGlobals) = postSolution
		SolutionGuid = {8318E4D4-DB30-4AD9-B9F7-05C7B9C67391}
	EndGlobalSection
EndGlobal
